// !$*UTF8*$!
{
	archiveVersion = 1;
	classes = {
	};
	objectVersion = 56;
	objects = {

/* Begin PBXBuildFile section */
		C403D6B42B568C9800B351D6 /* LearnSwiftlyApp.swift in Sources */ = {isa = PBXBuildFile; fileRef = C403D6B32B568C9800B351D6 /* LearnSwiftlyApp.swift */; };
		C403D6B62B568C9800B351D6 /* LearnView.swift in Sources */ = {isa = PBXBuildFile; fileRef = C403D6B52B568C9800B351D6 /* LearnView.swift */; };
		C403D6B82B568C9C00B351D6 /* Assets.xcassets in Resources */ = {isa = PBXBuildFile; fileRef = C403D6B72B568C9C00B351D6 /* Assets.xcassets */; };
		C403D6BB2B568C9C00B351D6 /* Preview Assets.xcassets in Resources */ = {isa = PBXBuildFile; fileRef = C403D6BA2B568C9C00B351D6 /* Preview Assets.xcassets */; };
		C404F9332B57F27600898F99 /* CoursesListView.swift in Sources */ = {isa = PBXBuildFile; fileRef = C404F9322B57F27600898F99 /* CoursesListView.swift */; };
		C404F9362B58149F00898F99 /* FooterBar.swift in Sources */ = {isa = PBXBuildFile; fileRef = C404F9352B58149F00898F99 /* FooterBar.swift */; };
		C404F9382B5815E700898F99 /* HeaderBar.swift in Sources */ = {isa = PBXBuildFile; fileRef = C404F9372B5815E700898F99 /* HeaderBar.swift */; };
		C404F93A2B5823F000898F99 /* LeaderBoardView.swift in Sources */ = {isa = PBXBuildFile; fileRef = C404F9392B5823F000898F99 /* LeaderBoardView.swift */; };
		C404F93C2B582AAE00898F99 /* ProfileView.swift in Sources */ = {isa = PBXBuildFile; fileRef = C404F93B2B582AAE00898F99 /* ProfileView.swift */; };
		C428825E2B5B8C6F0039984F /* PremiumPaymentSheetView.swift in Sources */ = {isa = PBXBuildFile; fileRef = C428825D2B5B8C6F0039984F /* PremiumPaymentSheetView.swift */; };
		C440A79E2B5949A200935A47 /* MainView.swift in Sources */ = {isa = PBXBuildFile; fileRef = C440A79D2B5949A200935A47 /* MainView.swift */; };
		C440A7A02B598EC700935A47 /* LearningView.swift in Sources */ = {isa = PBXBuildFile; fileRef = C440A79F2B598EC700935A47 /* LearningView.swift */; };
		C440A7A22B598F2100935A47 /* CourseView.swift in Sources */ = {isa = PBXBuildFile; fileRef = C440A7A12B598F2100935A47 /* CourseView.swift */; };
		C440A7A42B598F9100935A47 /* EnrolledCourseListView.swift in Sources */ = {isa = PBXBuildFile; fileRef = C440A7A32B598F9100935A47 /* EnrolledCourseListView.swift */; };
		C440A7A62B59903B00935A47 /* ChapterView.swift in Sources */ = {isa = PBXBuildFile; fileRef = C440A7A52B59903B00935A47 /* ChapterView.swift */; };
		C4AA8BF52B5A76A5002FBD86 /* OnboardingScreen.swift in Sources */ = {isa = PBXBuildFile; fileRef = C4AA8BF42B5A76A5002FBD86 /* OnboardingScreen.swift */; };
		C4AA8BF82B5A76C4002FBD86 /* OnboardingPageView.swift in Sources */ = {isa = PBXBuildFile; fileRef = C4AA8BF72B5A76C4002FBD86 /* OnboardingPageView.swift */; };
		C4AA8BFA2B5A8A46002FBD86 /* EnrolledCoursesPageView.swift in Sources */ = {isa = PBXBuildFile; fileRef = C4AA8BF92B5A8A46002FBD86 /* EnrolledCoursesPageView.swift */; };
		C4AA8BFC2B5A9675002FBD86 /* LearnViewHeaderBar.swift in Sources */ = {isa = PBXBuildFile; fileRef = C4AA8BFB2B5A9675002FBD86 /* LearnViewHeaderBar.swift */; };
		C4AA8BFE2B5AC2AF002FBD86 /* UpgradeToProSheetView.swift in Sources */ = {isa = PBXBuildFile; fileRef = C4AA8BFD2B5AC2AF002FBD86 /* UpgradeToProSheetView.swift */; };
		C4AA8C002B5AEB00002FBD86 /* Constants.swift in Sources */ = {isa = PBXBuildFile; fileRef = C4AA8BFF2B5AEB00002FBD86 /* Constants.swift */; };
		C4AA8C022B5AED58002FBD86 /* PricingView.swift in Sources */ = {isa = PBXBuildFile; fileRef = C4AA8C012B5AED58002FBD86 /* PricingView.swift */; };
		C4B9459F2B617B6D003637DC /* CourseViewModel.swift in Sources */ = {isa = PBXBuildFile; fileRef = C4B9459E2B617B6D003637DC /* CourseViewModel.swift */; };
		C4F7ABCD2B5D321E0014B985 /* Course.swift in Sources */ = {isa = PBXBuildFile; fileRef = C4F7ABCC2B5D321D0014B985 /* Course.swift */; };
		C4F7ABCF2B5D33610014B985 /* Chapters.swift in Sources */ = {isa = PBXBuildFile; fileRef = C4F7ABCE2B5D33610014B985 /* Chapters.swift */; };
		C4F7ABD12B5D34910014B985 /* Topics.swift in Sources */ = {isa = PBXBuildFile; fileRef = C4F7ABD02B5D34910014B985 /* Topics.swift */; };
/* End PBXBuildFile section */

/* Begin PBXFileReference section */
		C403D6B02B568C9800B351D6 /* LearnSwiftly.app */ = {isa = PBXFileReference; explicitFileType = wrapper.application; includeInIndex = 0; path = LearnSwiftly.app; sourceTree = BUILT_PRODUCTS_DIR; };
		C403D6B32B568C9800B351D6 /* LearnSwiftlyApp.swift */ = {isa = PBXFileReference; lastKnownFileType = sourcecode.swift; path = LearnSwiftlyApp.swift; sourceTree = "<group>"; };
		C403D6B52B568C9800B351D6 /* LearnView.swift */ = {isa = PBXFileReference; lastKnownFileType = sourcecode.swift; path = LearnView.swift; sourceTree = "<group>"; };
		C403D6B72B568C9C00B351D6 /* Assets.xcassets */ = {isa = PBXFileReference; lastKnownFileType = folder.assetcatalog; path = Assets.xcassets; sourceTree = "<group>"; };
		C403D6BA2B568C9C00B351D6 /* Preview Assets.xcassets */ = {isa = PBXFileReference; lastKnownFileType = folder.assetcatalog; path = "Preview Assets.xcassets"; sourceTree = "<group>"; };
		C404F9322B57F27600898F99 /* CoursesListView.swift */ = {isa = PBXFileReference; lastKnownFileType = sourcecode.swift; path = CoursesListView.swift; sourceTree = "<group>"; };
		C404F9352B58149F00898F99 /* FooterBar.swift */ = {isa = PBXFileReference; lastKnownFileType = sourcecode.swift; path = FooterBar.swift; sourceTree = "<group>"; };
		C404F9372B5815E700898F99 /* HeaderBar.swift */ = {isa = PBXFileReference; lastKnownFileType = sourcecode.swift; path = HeaderBar.swift; sourceTree = "<group>"; };
		C404F9392B5823F000898F99 /* LeaderBoardView.swift */ = {isa = PBXFileReference; lastKnownFileType = sourcecode.swift; path = LeaderBoardView.swift; sourceTree = "<group>"; };
		C404F93B2B582AAE00898F99 /* ProfileView.swift */ = {isa = PBXFileReference; lastKnownFileType = sourcecode.swift; path = ProfileView.swift; sourceTree = "<group>"; };
		C428825D2B5B8C6F0039984F /* PremiumPaymentSheetView.swift */ = {isa = PBXFileReference; lastKnownFileType = sourcecode.swift; path = PremiumPaymentSheetView.swift; sourceTree = "<group>"; };
		C440A79D2B5949A200935A47 /* MainView.swift */ = {isa = PBXFileReference; lastKnownFileType = sourcecode.swift; path = MainView.swift; sourceTree = "<group>"; };
		C440A79F2B598EC700935A47 /* LearningView.swift */ = {isa = PBXFileReference; lastKnownFileType = sourcecode.swift; path = LearningView.swift; sourceTree = "<group>"; };
		C440A7A12B598F2100935A47 /* CourseView.swift */ = {isa = PBXFileReference; lastKnownFileType = sourcecode.swift; path = CourseView.swift; sourceTree = "<group>"; };
		C440A7A32B598F9100935A47 /* EnrolledCourseListView.swift */ = {isa = PBXFileReference; lastKnownFileType = sourcecode.swift; path = EnrolledCourseListView.swift; sourceTree = "<group>"; };
		C440A7A52B59903B00935A47 /* ChapterView.swift */ = {isa = PBXFileReference; lastKnownFileType = sourcecode.swift; path = ChapterView.swift; sourceTree = "<group>"; };
		C49C0C602B56FAED00BC3076 /* Info.plist */ = {isa = PBXFileReference; lastKnownFileType = text.plist; path = Info.plist; sourceTree = "<group>"; };
		C4AA8BF42B5A76A5002FBD86 /* OnboardingScreen.swift */ = {isa = PBXFileReference; lastKnownFileType = sourcecode.swift; path = OnboardingScreen.swift; sourceTree = "<group>"; };
		C4AA8BF72B5A76C4002FBD86 /* OnboardingPageView.swift */ = {isa = PBXFileReference; lastKnownFileType = sourcecode.swift; path = OnboardingPageView.swift; sourceTree = "<group>"; };
		C4AA8BF92B5A8A46002FBD86 /* EnrolledCoursesPageView.swift */ = {isa = PBXFileReference; lastKnownFileType = sourcecode.swift; path = EnrolledCoursesPageView.swift; sourceTree = "<group>"; };
		C4AA8BFB2B5A9675002FBD86 /* LearnViewHeaderBar.swift */ = {isa = PBXFileReference; lastKnownFileType = sourcecode.swift; path = LearnViewHeaderBar.swift; sourceTree = "<group>"; };
		C4AA8BFD2B5AC2AF002FBD86 /* UpgradeToProSheetView.swift */ = {isa = PBXFileReference; lastKnownFileType = sourcecode.swift; path = UpgradeToProSheetView.swift; sourceTree = "<group>"; };
		C4AA8BFF2B5AEB00002FBD86 /* Constants.swift */ = {isa = PBXFileReference; lastKnownFileType = sourcecode.swift; path = Constants.swift; sourceTree = "<group>"; };
		C4AA8C012B5AED58002FBD86 /* PricingView.swift */ = {isa = PBXFileReference; lastKnownFileType = sourcecode.swift; path = PricingView.swift; sourceTree = "<group>"; };
		C4B9459E2B617B6D003637DC /* CourseViewModel.swift */ = {isa = PBXFileReference; lastKnownFileType = sourcecode.swift; path = CourseViewModel.swift; sourceTree = "<group>"; };
		C4F7ABCC2B5D321D0014B985 /* Course.swift */ = {isa = PBXFileReference; lastKnownFileType = sourcecode.swift; path = Course.swift; sourceTree = "<group>"; };
		C4F7ABCE2B5D33610014B985 /* Chapters.swift */ = {isa = PBXFileReference; lastKnownFileType = sourcecode.swift; path = Chapters.swift; sourceTree = "<group>"; };
		C4F7ABD02B5D34910014B985 /* Topics.swift */ = {isa = PBXFileReference; lastKnownFileType = sourcecode.swift; path = Topics.swift; sourceTree = "<group>"; };
/* End PBXFileReference section */

/* Begin PBXFrameworksBuildPhase section */
		C403D6AD2B568C9800B351D6 /* Frameworks */ = {
			isa = PBXFrameworksBuildPhase;
			buildActionMask = 2147483647;
			files = (
			);
			runOnlyForDeploymentPostprocessing = 0;
		};
/* End PBXFrameworksBuildPhase section */

/* Begin PBXGroup section */
		C403D6A72B568C9800B351D6 = {
			isa = PBXGroup;
			children = (
				C403D6B22B568C9800B351D6 /* LearnSwiftly */,
				C403D6B12B568C9800B351D6 /* Products */,
			);
			sourceTree = "<group>";
		};
		C403D6B12B568C9800B351D6 /* Products */ = {
			isa = PBXGroup;
			children = (
				C403D6B02B568C9800B351D6 /* LearnSwiftly.app */,
			);
			name = Products;
			sourceTree = "<group>";
		};
		C403D6B22B568C9800B351D6 /* LearnSwiftly */ = {
			isa = PBXGroup;
			children = (
				C49C0C602B56FAED00BC3076 /* Info.plist */,
				C403D6B32B568C9800B351D6 /* LearnSwiftlyApp.swift */,
				C4F7ABCB2B5D31F70014B985 /* Models */,
				C4B9459D2B617B38003637DC /* ViewModels */,
				C404F9312B57F26400898F99 /* Views */,
				C428825F2B5BA7190039984F /* Constants */,
				C404F9342B58147E00898F99 /* ViewElements */,
				C403D6B72B568C9C00B351D6 /* Assets.xcassets */,
				C403D6B92B568C9C00B351D6 /* Preview Content */,
			);
			path = LearnSwiftly;
			sourceTree = "<group>";
		};
		C403D6B92B568C9C00B351D6 /* Preview Content */ = {
			isa = PBXGroup;
			children = (
				C403D6BA2B568C9C00B351D6 /* Preview Assets.xcassets */,
			);
			path = "Preview Content";
			sourceTree = "<group>";
		};
		C404F9312B57F26400898F99 /* Views */ = {
			isa = PBXGroup;
			children = (
				C440A79D2B5949A200935A47 /* MainView.swift */,
				C4AA8BF02B5A7601002FBD86 /* LearnViews */,
				C4AA8BF12B5A7618002FBD86 /* CoursesViews */,
				C4AA8BF22B5A7633002FBD86 /* LearboardViews */,
				C4AA8BF32B5A765F002FBD86 /* ProfileViews */,
				C440A79F2B598EC700935A47 /* LearningView.swift */,
				C4AA8BF62B5A76AB002FBD86 /* OnboardingViews */,
			);
			path = Views;
			sourceTree = "<group>";
		};
		C404F9342B58147E00898F99 /* ViewElements */ = {
			isa = PBXGroup;
			children = (
				C404F9372B5815E700898F99 /* HeaderBar.swift */,
				C404F9352B58149F00898F99 /* FooterBar.swift */,
			);
			path = ViewElements;
			sourceTree = "<group>";
		};
		C428825F2B5BA7190039984F /* Constants */ = {
			isa = PBXGroup;
			children = (
				C4AA8BFF2B5AEB00002FBD86 /* Constants.swift */,
			);
			path = Constants;
			sourceTree = "<group>";
		};
		C4AA8BF02B5A7601002FBD86 /* LearnViews */ = {
			isa = PBXGroup;
			children = (
				C403D6B52B568C9800B351D6 /* LearnView.swift */,
				C4AA8BFB2B5A9675002FBD86 /* LearnViewHeaderBar.swift */,
				C4AA8BF92B5A8A46002FBD86 /* EnrolledCoursesPageView.swift */,
				C440A7A32B598F9100935A47 /* EnrolledCourseListView.swift */,
				C4AA8BFD2B5AC2AF002FBD86 /* UpgradeToProSheetView.swift */,
				C4AA8C012B5AED58002FBD86 /* PricingView.swift */,
				C428825D2B5B8C6F0039984F /* PremiumPaymentSheetView.swift */,
			);
			path = LearnViews;
			sourceTree = "<group>";
		};
		C4AA8BF12B5A7618002FBD86 /* CoursesViews */ = {
			isa = PBXGroup;
			children = (
				C440A7A12B598F2100935A47 /* CourseView.swift */,
				C404F9322B57F27600898F99 /* CoursesListView.swift */,
				C440A7A52B59903B00935A47 /* ChapterView.swift */,
			);
			path = CoursesViews;
			sourceTree = "<group>";
		};
		C4AA8BF22B5A7633002FBD86 /* LearboardViews */ = {
			isa = PBXGroup;
			children = (
				C404F9392B5823F000898F99 /* LeaderBoardView.swift */,
			);
			path = LearboardViews;
			sourceTree = "<group>";
		};
		C4AA8BF32B5A765F002FBD86 /* ProfileViews */ = {
			isa = PBXGroup;
			children = (
				C404F93B2B582AAE00898F99 /* ProfileView.swift */,
			);
			path = ProfileViews;
			sourceTree = "<group>";
		};
		C4AA8BF62B5A76AB002FBD86 /* OnboardingViews */ = {
			isa = PBXGroup;
			children = (
				C4AA8BF42B5A76A5002FBD86 /* OnboardingScreen.swift */,
				C4AA8BF72B5A76C4002FBD86 /* OnboardingPageView.swift */,
			);
			path = OnboardingViews;
			sourceTree = "<group>";
		};
		C4B9459D2B617B38003637DC /* ViewModels */ = {
			isa = PBXGroup;
			children = (
				C4B9459E2B617B6D003637DC /* CourseViewModel.swift */,
			);
			path = ViewModels;
			sourceTree = "<group>";
		};
		C4F7ABCB2B5D31F70014B985 /* Models */ = {
			isa = PBXGroup;
			children = (
				C4F7ABD02B5D34910014B985 /* Topics.swift */,
				C4F7ABCE2B5D33610014B985 /* Chapters.swift */,
				C4F7ABCC2B5D321D0014B985 /* Course.swift */,
			);
			path = Models;
			sourceTree = "<group>";
		};
/* End PBXGroup section */

/* Begin PBXNativeTarget section */
		C403D6AF2B568C9800B351D6 /* LearnSwiftly */ = {
			isa = PBXNativeTarget;
			buildConfigurationList = C403D6BE2B568C9C00B351D6 /* Build configuration list for PBXNativeTarget "LearnSwiftly" */;
			buildPhases = (
				C403D6AC2B568C9800B351D6 /* Sources */,
				C403D6AD2B568C9800B351D6 /* Frameworks */,
				C403D6AE2B568C9800B351D6 /* Resources */,
			);
			buildRules = (
			);
			dependencies = (
			);
			name = LearnSwiftly;
			productName = LearnSwiftly;
			productReference = C403D6B02B568C9800B351D6 /* LearnSwiftly.app */;
			productType = "com.apple.product-type.application";
		};
/* End PBXNativeTarget section */

/* Begin PBXProject section */
		C403D6A82B568C9800B351D6 /* Project object */ = {
			isa = PBXProject;
			attributes = {
				BuildIndependentTargetsInParallel = 1;
				LastSwiftUpdateCheck = 1430;
				LastUpgradeCheck = 1430;
				TargetAttributes = {
					C403D6AF2B568C9800B351D6 = {
						CreatedOnToolsVersion = 14.3.1;
					};
				};
			};
			buildConfigurationList = C403D6AB2B568C9800B351D6 /* Build configuration list for PBXProject "LearnSwiftly" */;
			compatibilityVersion = "Xcode 14.0";
			developmentRegion = en;
			hasScannedForEncodings = 0;
			knownRegions = (
				en,
				Base,
			);
			mainGroup = C403D6A72B568C9800B351D6;
			productRefGroup = C403D6B12B568C9800B351D6 /* Products */;
			projectDirPath = "";
			projectRoot = "";
			targets = (
				C403D6AF2B568C9800B351D6 /* LearnSwiftly */,
			);
		};
/* End PBXProject section */

/* Begin PBXResourcesBuildPhase section */
		C403D6AE2B568C9800B351D6 /* Resources */ = {
			isa = PBXResourcesBuildPhase;
			buildActionMask = 2147483647;
			files = (
				C403D6BB2B568C9C00B351D6 /* Preview Assets.xcassets in Resources */,
				C403D6B82B568C9C00B351D6 /* Assets.xcassets in Resources */,
			);
			runOnlyForDeploymentPostprocessing = 0;
		};
/* End PBXResourcesBuildPhase section */

/* Begin PBXSourcesBuildPhase section */
		C403D6AC2B568C9800B351D6 /* Sources */ = {
			isa = PBXSourcesBuildPhase;
			buildActionMask = 2147483647;
			files = (
				C403D6B62B568C9800B351D6 /* LearnView.swift in Sources */,
				C403D6B42B568C9800B351D6 /* LearnSwiftlyApp.swift in Sources */,
				C440A7A62B59903B00935A47 /* ChapterView.swift in Sources */,
				C440A7A02B598EC700935A47 /* LearningView.swift in Sources */,
				C440A79E2B5949A200935A47 /* MainView.swift in Sources */,
				C428825E2B5B8C6F0039984F /* PremiumPaymentSheetView.swift in Sources */,
				C4AA8BFC2B5A9675002FBD86 /* LearnViewHeaderBar.swift in Sources */,
				C404F93A2B5823F000898F99 /* LeaderBoardView.swift in Sources */,
				C4F7ABD12B5D34910014B985 /* Topics.swift in Sources */,
				C404F9382B5815E700898F99 /* HeaderBar.swift in Sources */,
				C404F9362B58149F00898F99 /* FooterBar.swift in Sources */,
				C4AA8BFE2B5AC2AF002FBD86 /* UpgradeToProSheetView.swift in Sources */,
				C4F7ABCF2B5D33610014B985 /* Chapters.swift in Sources */,
				C4AA8BF82B5A76C4002FBD86 /* OnboardingPageView.swift in Sources */,
				C440A7A22B598F2100935A47 /* CourseView.swift in Sources */,
				C4AA8C022B5AED58002FBD86 /* PricingView.swift in Sources */,
				C4AA8BF52B5A76A5002FBD86 /* OnboardingScreen.swift in Sources */,
				C4F7ABCD2B5D321E0014B985 /* Course.swift in Sources */,
				C4AA8BFA2B5A8A46002FBD86 /* EnrolledCoursesPageView.swift in Sources */,
				C404F93C2B582AAE00898F99 /* ProfileView.swift in Sources */,
				C440A7A42B598F9100935A47 /* EnrolledCourseListView.swift in Sources */,
				C4B9459F2B617B6D003637DC /* CourseViewModel.swift in Sources */,
				C404F9332B57F27600898F99 /* CoursesListView.swift in Sources */,
				C4AA8C002B5AEB00002FBD86 /* Constants.swift in Sources */,
			);
			runOnlyForDeploymentPostprocessing = 0;
		};
/* End PBXSourcesBuildPhase section */

/* Begin XCBuildConfiguration section */
		C403D6BC2B568C9C00B351D6 /* Debug */ = {
			isa = XCBuildConfiguration;
			buildSettings = {
				ALWAYS_SEARCH_USER_PATHS = NO;
				CLANG_ANALYZER_NONNULL = YES;
				CLANG_ANALYZER_NUMBER_OBJECT_CONVERSION = YES_AGGRESSIVE;
				CLANG_CXX_LANGUAGE_STANDARD = "gnu++20";
				CLANG_ENABLE_MODULES = YES;
				CLANG_ENABLE_OBJC_ARC = YES;
				CLANG_ENABLE_OBJC_WEAK = YES;
				CLANG_WARN_BLOCK_CAPTURE_AUTORELEASING = YES;
				CLANG_WARN_BOOL_CONVERSION = YES;
				CLANG_WARN_COMMA = YES;
				CLANG_WARN_CONSTANT_CONVERSION = YES;
				CLANG_WARN_DEPRECATED_OBJC_IMPLEMENTATIONS = YES;
				CLANG_WARN_DIRECT_OBJC_ISA_USAGE = YES_ERROR;
				CLANG_WARN_DOCUMENTATION_COMMENTS = YES;
				CLANG_WARN_EMPTY_BODY = YES;
				CLANG_WARN_ENUM_CONVERSION = YES;
				CLANG_WARN_INFINITE_RECURSION = YES;
				CLANG_WARN_INT_CONVERSION = YES;
				CLANG_WARN_NON_LITERAL_NULL_CONVERSION = YES;
				CLANG_WARN_OBJC_IMPLICIT_RETAIN_SELF = YES;
				CLANG_WARN_OBJC_LITERAL_CONVERSION = YES;
				CLANG_WARN_OBJC_ROOT_CLASS = YES_ERROR;
				CLANG_WARN_QUOTED_INCLUDE_IN_FRAMEWORK_HEADER = YES;
				CLANG_WARN_RANGE_LOOP_ANALYSIS = YES;
				CLANG_WARN_STRICT_PROTOTYPES = YES;
				CLANG_WARN_SUSPICIOUS_MOVE = YES;
				CLANG_WARN_UNGUARDED_AVAILABILITY = YES_AGGRESSIVE;
				CLANG_WARN_UNREACHABLE_CODE = YES;
				CLANG_WARN__DUPLICATE_METHOD_MATCH = YES;
				COPY_PHASE_STRIP = NO;
				DEBUG_INFORMATION_FORMAT = dwarf;
				ENABLE_STRICT_OBJC_MSGSEND = YES;
				ENABLE_TESTABILITY = YES;
				GCC_C_LANGUAGE_STANDARD = gnu11;
				GCC_DYNAMIC_NO_PIC = NO;
				GCC_NO_COMMON_BLOCKS = YES;
				GCC_OPTIMIZATION_LEVEL = 0;
				GCC_PREPROCESSOR_DEFINITIONS = (
					"DEBUG=1",
					"$(inherited)",
				);
				GCC_WARN_64_TO_32_BIT_CONVERSION = YES;
				GCC_WARN_ABOUT_RETURN_TYPE = YES_ERROR;
				GCC_WARN_UNDECLARED_SELECTOR = YES;
				GCC_WARN_UNINITIALIZED_AUTOS = YES_AGGRESSIVE;
				GCC_WARN_UNUSED_FUNCTION = YES;
				GCC_WARN_UNUSED_VARIABLE = YES;
				IPHONEOS_DEPLOYMENT_TARGET = 16.4;
				MTL_ENABLE_DEBUG_INFO = INCLUDE_SOURCE;
				MTL_FAST_MATH = YES;
				ONLY_ACTIVE_ARCH = YES;
				SDKROOT = iphoneos;
				SWIFT_ACTIVE_COMPILATION_CONDITIONS = DEBUG;
				SWIFT_OPTIMIZATION_LEVEL = "-Onone";
			};
			name = Debug;
		};
		C403D6BD2B568C9C00B351D6 /* Release */ = {
			isa = XCBuildConfiguration;
			buildSettings = {
				ALWAYS_SEARCH_USER_PATHS = NO;
				CLANG_ANALYZER_NONNULL = YES;
				CLANG_ANALYZER_NUMBER_OBJECT_CONVERSION = YES_AGGRESSIVE;
				CLANG_CXX_LANGUAGE_STANDARD = "gnu++20";
				CLANG_ENABLE_MODULES = YES;
				CLANG_ENABLE_OBJC_ARC = YES;
				CLANG_ENABLE_OBJC_WEAK = YES;
				CLANG_WARN_BLOCK_CAPTURE_AUTORELEASING = YES;
				CLANG_WARN_BOOL_CONVERSION = YES;
				CLANG_WARN_COMMA = YES;
				CLANG_WARN_CONSTANT_CONVERSION = YES;
				CLANG_WARN_DEPRECATED_OBJC_IMPLEMENTATIONS = YES;
				CLANG_WARN_DIRECT_OBJC_ISA_USAGE = YES_ERROR;
				CLANG_WARN_DOCUMENTATION_COMMENTS = YES;
				CLANG_WARN_EMPTY_BODY = YES;
				CLANG_WARN_ENUM_CONVERSION = YES;
				CLANG_WARN_INFINITE_RECURSION = YES;
				CLANG_WARN_INT_CONVERSION = YES;
				CLANG_WARN_NON_LITERAL_NULL_CONVERSION = YES;
				CLANG_WARN_OBJC_IMPLICIT_RETAIN_SELF = YES;
				CLANG_WARN_OBJC_LITERAL_CONVERSION = YES;
				CLANG_WARN_OBJC_ROOT_CLASS = YES_ERROR;
				CLANG_WARN_QUOTED_INCLUDE_IN_FRAMEWORK_HEADER = YES;
				CLANG_WARN_RANGE_LOOP_ANALYSIS = YES;
				CLANG_WARN_STRICT_PROTOTYPES = YES;
				CLANG_WARN_SUSPICIOUS_MOVE = YES;
				CLANG_WARN_UNGUARDED_AVAILABILITY = YES_AGGRESSIVE;
				CLANG_WARN_UNREACHABLE_CODE = YES;
				CLANG_WARN__DUPLICATE_METHOD_MATCH = YES;
				COPY_PHASE_STRIP = NO;
				DEBUG_INFORMATION_FORMAT = "dwarf-with-dsym";
				ENABLE_NS_ASSERTIONS = NO;
				ENABLE_STRICT_OBJC_MSGSEND = YES;
				GCC_C_LANGUAGE_STANDARD = gnu11;
				GCC_NO_COMMON_BLOCKS = YES;
				GCC_WARN_64_TO_32_BIT_CONVERSION = YES;
				GCC_WARN_ABOUT_RETURN_TYPE = YES_ERROR;
				GCC_WARN_UNDECLARED_SELECTOR = YES;
				GCC_WARN_UNINITIALIZED_AUTOS = YES_AGGRESSIVE;
				GCC_WARN_UNUSED_FUNCTION = YES;
				GCC_WARN_UNUSED_VARIABLE = YES;
				IPHONEOS_DEPLOYMENT_TARGET = 16.4;
				MTL_ENABLE_DEBUG_INFO = NO;
				MTL_FAST_MATH = YES;
				SDKROOT = iphoneos;
				SWIFT_COMPILATION_MODE = wholemodule;
				SWIFT_OPTIMIZATION_LEVEL = "-O";
				VALIDATE_PRODUCT = YES;
			};
			name = Release;
		};
		C403D6BF2B568C9C00B351D6 /* Debug */ = {
			isa = XCBuildConfiguration;
			buildSettings = {
				ASSETCATALOG_COMPILER_APPICON_NAME = AppIcon;
				ASSETCATALOG_COMPILER_GLOBAL_ACCENT_COLOR_NAME = AccentColor;
				CODE_SIGN_STYLE = Automatic;
				CURRENT_PROJECT_VERSION = 1;
				DEVELOPMENT_ASSET_PATHS = "\"LearnSwiftly/Preview Content\"";
				DEVELOPMENT_TEAM = 98KJ8KHPB4;
				ENABLE_PREVIEWS = YES;
				GENERATE_INFOPLIST_FILE = YES;
				INFOPLIST_FILE = LearnSwiftly/Info.plist;
				INFOPLIST_KEY_UIApplicationSceneManifest_Generation = YES;
				INFOPLIST_KEY_UIApplicationSupportsIndirectInputEvents = YES;
				INFOPLIST_KEY_UISupportedInterfaceOrientations_iPad = "UIInterfaceOrientationPortrait UIInterfaceOrientationPortraitUpsideDown UIInterfaceOrientationLandscapeLeft UIInterfaceOrientationLandscapeRight";
				INFOPLIST_KEY_UISupportedInterfaceOrientations_iPhone = "UIInterfaceOrientationPortrait UIInterfaceOrientationLandscapeLeft UIInterfaceOrientationLandscapeRight";
				LD_RUNPATH_SEARCH_PATHS = (
					"$(inherited)",
					"@executable_path/Frameworks",
				);
				MARKETING_VERSION = 1.0;
				PRODUCT_BUNDLE_IDENTIFIER = apps.tasktracker.halder.manajit.LearnSwiftly;
				PRODUCT_NAME = "$(TARGET_NAME)";
				SWIFT_EMIT_LOC_STRINGS = YES;
				SWIFT_VERSION = 5.0;
				TARGETED_DEVICE_FAMILY = "1,2";
			};
			name = Debug;
		};
		C403D6C02B568C9C00B351D6 /* Release */ = {
			isa = XCBuildConfiguration;
			buildSettings = {
				ASSETCATALOG_COMPILER_APPICON_NAME = AppIcon;
				ASSETCATALOG_COMPILER_GLOBAL_ACCENT_COLOR_NAME = AccentColor;
				CODE_SIGN_STYLE = Automatic;
				CURRENT_PROJECT_VERSION = 1;
				DEVELOPMENT_ASSET_PATHS = "\"LearnSwiftly/Preview Content\"";
				DEVELOPMENT_TEAM = 98KJ8KHPB4;
				ENABLE_PREVIEWS = YES;
				GENERATE_INFOPLIST_FILE = YES;
				INFOPLIST_FILE = LearnSwiftly/Info.plist;
				INFOPLIST_KEY_UIApplicationSceneManifest_Generation = YES;
				INFOPLIST_KEY_UIApplicationSupportsIndirectInputEvents = YES;
				INFOPLIST_KEY_UISupportedInterfaceOrientations_iPad = "UIInterfaceOrientationPortrait UIInterfaceOrientationPortraitUpsideDown UIInterfaceOrientationLandscapeLeft UIInterfaceOrientationLandscapeRight";
				INFOPLIST_KEY_UISupportedInterfaceOrientations_iPhone = "UIInterfaceOrientationPortrait UIInterfaceOrientationLandscapeLeft UIInterfaceOrientationLandscapeRight";
				LD_RUNPATH_SEARCH_PATHS = (
					"$(inherited)",
					"@executable_path/Frameworks",
				);
				MARKETING_VERSION = 1.0;
				PRODUCT_BUNDLE_IDENTIFIER = apps.tasktracker.halder.manajit.LearnSwiftly;
				PRODUCT_NAME = "$(TARGET_NAME)";
				SWIFT_EMIT_LOC_STRINGS = YES;
				SWIFT_VERSION = 5.0;
				TARGETED_DEVICE_FAMILY = "1,2";
			};
			name = Release;
		};
/* End XCBuildConfiguration section */

/* Begin XCConfigurationList section */
		C403D6AB2B568C9800B351D6 /* Build configuration list for PBXProject "LearnSwiftly" */ = {
			isa = XCConfigurationList;
			buildConfigurations = (
				C403D6BC2B568C9C00B351D6 /* Debug */,
				C403D6BD2B568C9C00B351D6 /* Release */,
			);
			defaultConfigurationIsVisible = 0;
			defaultConfigurationName = Release;
		};
		C403D6BE2B568C9C00B351D6 /* Build configuration list for PBXNativeTarget "LearnSwiftly" */ = {
			isa = XCConfigurationList;
			buildConfigurations = (
				C403D6BF2B568C9C00B351D6 /* Debug */,
				C403D6C02B568C9C00B351D6 /* Release */,
			);
			defaultConfigurationIsVisible = 0;
			defaultConfigurationName = Release;
		};
/* End XCConfigurationList section */
	};
	rootObject = C403D6A82B568C9800B351D6 /* Project object */;
}
